
Microsoft Visual Studio Solution File, Format Version 12.00
Project("{FAE04EC0-301F-11D3-BF4B-00C04F79EFBC}") = "21.12", "21.12\21.12.csproj", "{0AF8046C-4E1A-4BB2-A24A-95216B675537}"
EndProject
Project("{FAE04EC0-301F-11D3-BF4B-00C04F79EFBC}") = "TestProject1", "TestProject1\TestProject1.csproj", "{3115A6BE-A060-4B8A-85C8-ACFDE3749D7C}"
EndProject
Global
	GlobalSection(SolutionConfigurationPlatforms) = preSolution
		Debug|Any CPU = Debug|Any CPU
		Release|Any CPU = Release|Any CPU
	EndGlobalSection
	GlobalSection(ProjectConfigurationPlatforms) = postSolution
		{0AF8046C-4E1A-4BB2-A24A-95216B675537}.Debug|Any CPU.ActiveCfg = Debug|Any CPU
		{0AF8046C-4E1A-4BB2-A24A-95216B675537}.Debug|Any CPU.Build.0 = Debug|Any CPU
		{0AF8046C-4E1A-4BB2-A24A-95216B675537}.Release|Any CPU.ActiveCfg = Release|Any CPU
		{0AF8046C-4E1A-4BB2-A24A-95216B675537}.Release|Any CPU.Build.0 = Release|Any CPU
		{3115A6BE-A060-4B8A-85C8-ACFDE3749D7C}.Debug|Any CPU.ActiveCfg = Debug|Any CPU
		{3115A6BE-A060-4B8A-85C8-ACFDE3749D7C}.Debug|Any CPU.Build.0 = Debug|Any CPU
		{3115A6BE-A060-4B8A-85C8-ACFDE3749D7C}.Release|Any CPU.ActiveCfg = Release|Any CPU
		{3115A6BE-A060-4B8A-85C8-ACFDE3749D7C}.Release|Any CPU.Build.0 = Release|Any CPU
	EndGlobalSection
EndGlobal
